
Microsoft Visual Studio Solution File, Format Version 12.00
Project("{FAE04EC0-301F-11D3-BF4B-00C04F79EFBC}") = "pokecatalogo", "pokecatalogo\pokecatalogo.csproj", "{649FD47A-65E5-43C7-A40A-8AEECC789D2E}"
EndProject
Global
	GlobalSection(SolutionConfigurationPlatforms) = preSolution
		Debug|Any CPU = Debug|Any CPU
		Release|Any CPU = Release|Any CPU
	EndGlobalSection
	GlobalSection(ProjectConfigurationPlatforms) = postSolution
		{649FD47A-65E5-43C7-A40A-8AEECC789D2E}.Debug|Any CPU.ActiveCfg = Debug|Any CPU
		{649FD47A-65E5-43C7-A40A-8AEECC789D2E}.Debug|Any CPU.Build.0 = Debug|Any CPU
		{649FD47A-65E5-43C7-A40A-8AEECC789D2E}.Release|Any CPU.ActiveCfg = Release|Any CPU
		{649FD47A-65E5-43C7-A40A-8AEECC789D2E}.Release|Any CPU.Build.0 = Release|Any CPU
	EndGlobalSection
EndGlobal
